
Microsoft Visual Studio Solution File, Format Version 12.00
# Visual Studio 15
VisualStudioVersion = 15.0.26124.0
MinimumVisualStudioVersion = 15.0.26124.0
Project("{2150E333-8FDC-42A3-9474-1A3956D46DE8}") = "src", "src", "{099F524E-289F-4319-997D-D8ACCF46AC4F}"
EndProject
Project("{FAE04EC0-301F-11D3-BF4B-00C04F79EFBC}") = "GradeBook", "src\GradeBook\GradeBook.csproj", "{2CB81CD3-3DF6-4743-829F-85F6F876EAF9}"
EndProject
Project("{2150E333-8FDC-42A3-9474-1A3956D46DE8}") = "test", "test", "{7C16EF77-7971-4E9C-8E74-EFC2812276D6}"
EndProject
Project("{FAE04EC0-301F-11D3-BF4B-00C04F79EFBC}") = "GradeBook.Tests", "test\GradeBook.Tests\GradeBook.Tests.csproj", "{8E3FFD80-CCFF-4540-9ACB-C0663E798E81}"
EndProject
Global
	GlobalSection(SolutionConfigurationPlatforms) = preSolution
		Debug|Any CPU = Debug|Any CPU
		Debug|x64 = Debug|x64
		Debug|x86 = Debug|x86
		Release|Any CPU = Release|Any CPU
		Release|x64 = Release|x64
		Release|x86 = Release|x86
	EndGlobalSection
	GlobalSection(SolutionProperties) = preSolution
		HideSolutionNode = FALSE
	EndGlobalSection
	GlobalSection(ProjectConfigurationPlatforms) = postSolution
		{2CB81CD3-3DF6-4743-829F-85F6F876EAF9}.Debug|Any CPU.ActiveCfg = Debug|Any CPU
		{2CB81CD3-3DF6-4743-829F-85F6F876EAF9}.Debug|Any CPU.Build.0 = Debug|Any CPU
		{2CB81CD3-3DF6-4743-829F-85F6F876EAF9}.Debug|x64.ActiveCfg = Debug|Any CPU
		{2CB81CD3-3DF6-4743-829F-85F6F876EAF9}.Debug|x64.Build.0 = Debug|Any CPU
		{2CB81CD3-3DF6-4743-829F-85F6F876EAF9}.Debug|x86.ActiveCfg = Debug|Any CPU
		{2CB81CD3-3DF6-4743-829F-85F6F876EAF9}.Debug|x86.Build.0 = Debug|Any CPU
		{2CB81CD3-3DF6-4743-829F-85F6F876EAF9}.Release|Any CPU.ActiveCfg = Release|Any CPU
		{2CB81CD3-3DF6-4743-829F-85F6F876EAF9}.Release|Any CPU.Build.0 = Release|Any CPU
		{2CB81CD3-3DF6-4743-829F-85F6F876EAF9}.Release|x64.ActiveCfg = Release|Any CPU
		{2CB81CD3-3DF6-4743-829F-85F6F876EAF9}.Release|x64.Build.0 = Release|Any CPU
		{2CB81CD3-3DF6-4743-829F-85F6F876EAF9}.Release|x86.ActiveCfg = Release|Any CPU
		{2CB81CD3-3DF6-4743-829F-85F6F876EAF9}.Release|x86.Build.0 = Release|Any CPU
		{8E3FFD80-CCFF-4540-9ACB-C0663E798E81}.Debug|Any CPU.ActiveCfg = Debug|Any CPU
		{8E3FFD80-CCFF-4540-9ACB-C0663E798E81}.Debug|Any CPU.Build.0 = Debug|Any CPU
		{8E3FFD80-CCFF-4540-9ACB-C0663E798E81}.Debug|x64.ActiveCfg = Debug|Any CPU
		{8E3FFD80-CCFF-4540-9ACB-C0663E798E81}.Debug|x64.Build.0 = Debug|Any CPU
		{8E3FFD80-CCFF-4540-9ACB-C0663E798E81}.Debug|x86.ActiveCfg = Debug|Any CPU
		{8E3FFD80-CCFF-4540-9ACB-C0663E798E81}.Debug|x86.Build.0 = Debug|Any CPU
		{8E3FFD80-CCFF-4540-9ACB-C0663E798E81}.Release|Any CPU.ActiveCfg = Release|Any CPU
		{8E3FFD80-CCFF-4540-9ACB-C0663E798E81}.Release|Any CPU.Build.0 = Release|Any CPU
		{8E3FFD80-CCFF-4540-9ACB-C0663E798E81}.Release|x64.ActiveCfg = Release|Any CPU
		{8E3FFD80-CCFF-4540-9ACB-C0663E798E81}.Release|x64.Build.0 = Release|Any CPU
		{8E3FFD80-CCFF-4540-9ACB-C0663E798E81}.Release|x86.ActiveCfg = Release|Any CPU
		{8E3FFD80-CCFF-4540-9ACB-C0663E798E81}.Release|x86.Build.0 = Release|Any CPU
	EndGlobalSection
	GlobalSection(NestedProjects) = preSolution
		{2CB81CD3-3DF6-4743-829F-85F6F876EAF9} = {099F524E-289F-4319-997D-D8ACCF46AC4F}
		{8E3FFD80-CCFF-4540-9ACB-C0663E798E81} = {7C16EF77-7971-4E9C-8E74-EFC2812276D6}
	EndGlobalSection
EndGlobal
